// !$*UTF8*$!
{
	archiveVersion = 1;
	classes = {
	};
	objectVersion = 46;
	objects = {

/* Begin PBXBuildFile section */
		CE2136DD18F7A59C00F6E30F /* Foundation.framework in Frameworks */ = {isa = PBXBuildFile; fileRef = CE2136DC18F7A59C00F6E30F /* Foundation.framework */; };
		CE2136DF18F7A59C00F6E30F /* CoreGraphics.framework in Frameworks */ = {isa = PBXBuildFile; fileRef = CE2136DE18F7A59C00F6E30F /* CoreGraphics.framework */; };
		CE2136E118F7A59C00F6E30F /* UIKit.framework in Frameworks */ = {isa = PBXBuildFile; fileRef = CE2136E018F7A59C00F6E30F /* UIKit.framework */; };
		CE2136E718F7A59C00F6E30F /* InfoPlist.strings in Resources */ = {isa = PBXBuildFile; fileRef = CE2136E518F7A59C00F6E30F /* InfoPlist.strings */; };
		CE2136E918F7A59C00F6E30F /* main.m in Sources */ = {isa = PBXBuildFile; fileRef = CE2136E818F7A59C00F6E30F /* main.m */; };
		CE2136ED18F7A59C00F6E30F /* MBAppDelegate.m in Sources */ = {isa = PBXBuildFile; fileRef = CE2136EC18F7A59C00F6E30F /* MBAppDelegate.m */; };
		CE2136F018F7A59C00F6E30F /* Main.storyboard in Resources */ = {isa = PBXBuildFile; fileRef = CE2136EE18F7A59C00F6E30F /* Main.storyboard */; };
		CE2136F318F7A59C00F6E30F /* MBViewController.m in Sources */ = {isa = PBXBuildFile; fileRef = CE2136F218F7A59C00F6E30F /* MBViewController.m */; };
		CE2136F518F7A59C00F6E30F /* Images.xcassets in Resources */ = {isa = PBXBuildFile; fileRef = CE2136F418F7A59C00F6E30F /* Images.xcassets */; };
		CE2136FC18F7A59D00F6E30F /* XCTest.framework in Frameworks */ = {isa = PBXBuildFile; fileRef = CE2136FB18F7A59D00F6E30F /* XCTest.framework */; };
		CE2136FD18F7A59D00F6E30F /* Foundation.framework in Frameworks */ = {isa = PBXBuildFile; fileRef = CE2136DC18F7A59C00F6E30F /* Foundation.framework */; };
		CE2136FE18F7A59D00F6E30F /* UIKit.framework in Frameworks */ = {isa = PBXBuildFile; fileRef = CE2136E018F7A59C00F6E30F /* UIKit.framework */; };
		CE21370618F7A59D00F6E30F /* InfoPlist.strings in Resources */ = {isa = PBXBuildFile; fileRef = CE21370418F7A59D00F6E30F /* InfoPlist.strings */; };
		CE21370818F7A59D00F6E30F /* App_Net_ClientTests.m in Sources */ = {isa = PBXBuildFile; fileRef = CE21370718F7A59D00F6E30F /* App_Net_ClientTests.m */; };
		CE21371318F7AD0E00F6E30F /* MBJSONFetcher.m in Sources */ = {isa = PBXBuildFile; fileRef = CE21371218F7AD0E00F6E30F /* MBJSONFetcher.m */; };
		CE21372F18F7B1FD00F6E30F /* NSObject+SBJson.m in Sources */ = {isa = PBXBuildFile; fileRef = CE21371718F7B1FD00F6E30F /* NSObject+SBJson.m */; };
		CE21373018F7B1FD00F6E30F /* SBJsonParser.m in Sources */ = {isa = PBXBuildFile; fileRef = CE21371A18F7B1FD00F6E30F /* SBJsonParser.m */; };
		CE21373118F7B1FD00F6E30F /* SBJsonStreamParser.m in Sources */ = {isa = PBXBuildFile; fileRef = CE21371C18F7B1FD00F6E30F /* SBJsonStreamParser.m */; };
		CE21373218F7B1FD00F6E30F /* SBJsonStreamParserAccumulator.m in Sources */ = {isa = PBXBuildFile; fileRef = CE21371E18F7B1FD00F6E30F /* SBJsonStreamParserAccumulator.m */; };
		CE21373318F7B1FD00F6E30F /* SBJsonStreamParserAdapter.m in Sources */ = {isa = PBXBuildFile; fileRef = CE21372018F7B1FD00F6E30F /* SBJsonStreamParserAdapter.m */; };
		CE21373418F7B1FD00F6E30F /* SBJsonStreamParserState.m in Sources */ = {isa = PBXBuildFile; fileRef = CE21372218F7B1FD00F6E30F /* SBJsonStreamParserState.m */; };
		CE21373518F7B1FD00F6E30F /* SBJsonStreamWriter.m in Sources */ = {isa = PBXBuildFile; fileRef = CE21372418F7B1FD00F6E30F /* SBJsonStreamWriter.m */; };
		CE21373618F7B1FD00F6E30F /* SBJsonStreamWriterAccumulator.m in Sources */ = {isa = PBXBuildFile; fileRef = CE21372618F7B1FD00F6E30F /* SBJsonStreamWriterAccumulator.m */; };
		CE21373718F7B1FD00F6E30F /* SBJsonStreamWriterState.m in Sources */ = {isa = PBXBuildFile; fileRef = CE21372818F7B1FD00F6E30F /* SBJsonStreamWriterState.m */; };
		CE21373818F7B1FD00F6E30F /* SBJsonTokeniser.m in Sources */ = {isa = PBXBuildFile; fileRef = CE21372A18F7B1FD00F6E30F /* SBJsonTokeniser.m */; };
		CE21373918F7B1FD00F6E30F /* SBJsonUTF8Stream.m in Sources */ = {isa = PBXBuildFile; fileRef = CE21372C18F7B1FD00F6E30F /* SBJsonUTF8Stream.m */; };
		CE21373A18F7B1FD00F6E30F /* SBJsonWriter.m in Sources */ = {isa = PBXBuildFile; fileRef = CE21372E18F7B1FD00F6E30F /* SBJsonWriter.m */; };
		CE21373D18F7B94A00F6E30F /* MBPostEntry.m in Sources */ = {isa = PBXBuildFile; fileRef = CE21373C18F7B94A00F6E30F /* MBPostEntry.m */; };
		CE21374118F7C21200F6E30F /* MBTableViewCell.m in Sources */ = {isa = PBXBuildFile; fileRef = CE21373F18F7C21200F6E30F /* MBTableViewCell.m */; };
		CE21374218F7C21200F6E30F /* MBTableViewCell.xib in Resources */ = {isa = PBXBuildFile; fileRef = CE21374018F7C21200F6E30F /* MBTableViewCell.xib */; };
		CE21374418F7C3EC00F6E30F /* QuartzCore.framework in Frameworks */ = {isa = PBXBuildFile; fileRef = CE21374318F7C3EC00F6E30F /* QuartzCore.framework */; };
		CEE9BC2F19002A1A009EEBE1 /* Profile.jpg in Resources */ = {isa = PBXBuildFile; fileRef = CEE9BC2E19002A1A009EEBE1 /* Profile.jpg */; };
/* End PBXBuildFile section */

/* Begin PBXContainerItemProxy section */
		CE2136FF18F7A59D00F6E30F /* PBXContainerItemProxy */ = {
			isa = PBXContainerItemProxy;
			containerPortal = CE2136D118F7A59C00F6E30F /* Project object */;
			proxyType = 1;
			remoteGlobalIDString = CE2136D818F7A59C00F6E30F;
			remoteInfo = "App Net Client";
		};
/* End PBXContainerItemProxy section */

/* Begin PBXFileReference section */
		CE2136D918F7A59C00F6E30F /* App Net Client.app */ = {isa = PBXFileReference; explicitFileType = wrapper.application; includeInIndex = 0; path = "App Net Client.app"; sourceTree = BUILT_PRODUCTS_DIR; };
		CE2136DC18F7A59C00F6E30F /* Foundation.framework */ = {isa = PBXFileReference; lastKnownFileType = wrapper.framework; name = Foundation.framework; path = System/Library/Frameworks/Foundation.framework; sourceTree = SDKROOT; };
		CE2136DE18F7A59C00F6E30F /* CoreGraphics.framework */ = {isa = PBXFileReference; lastKnownFileType = wrapper.framework; name = CoreGraphics.framework; path = System/Library/Frameworks/CoreGraphics.framework; sourceTree = SDKROOT; };
		CE2136E018F7A59C00F6E30F /* UIKit.framework */ = {isa = PBXFileReference; lastKnownFileType = wrapper.framework; name = UIKit.framework; path = System/Library/Frameworks/UIKit.framework; sourceTree = SDKROOT; };
		CE2136E418F7A59C00F6E30F /* App Net Client-Info.plist */ = {isa = PBXFileReference; lastKnownFileType = text.plist.xml; path = "App Net Client-Info.plist"; sourceTree = "<group>"; };
		CE2136E618F7A59C00F6E30F /* en */ = {isa = PBXFileReference; lastKnownFileType = text.plist.strings; name = en; path = en.lproj/InfoPlist.strings; sourceTree = "<group>"; };
		CE2136E818F7A59C00F6E30F /* main.m */ = {isa = PBXFileReference; lastKnownFileType = sourcecode.c.objc; path = main.m; sourceTree = "<group>"; };
		CE2136EA18F7A59C00F6E30F /* App Net Client-Prefix.pch */ = {isa = PBXFileReference; lastKnownFileType = sourcecode.c.h; path = "App Net Client-Prefix.pch"; sourceTree = "<group>"; };
		CE2136EB18F7A59C00F6E30F /* MBAppDelegate.h */ = {isa = PBXFileReference; lastKnownFileType = sourcecode.c.h; path = MBAppDelegate.h; sourceTree = "<group>"; };
		CE2136EC18F7A59C00F6E30F /* MBAppDelegate.m */ = {isa = PBXFileReference; lastKnownFileType = sourcecode.c.objc; path = MBAppDelegate.m; sourceTree = "<group>"; };
		CE2136EF18F7A59C00F6E30F /* Base */ = {isa = PBXFileReference; lastKnownFileType = file.storyboard; name = Base; path = Base.lproj/Main.storyboard; sourceTree = "<group>"; };
		CE2136F118F7A59C00F6E30F /* MBViewController.h */ = {isa = PBXFileReference; lastKnownFileType = sourcecode.c.h; path = MBViewController.h; sourceTree = "<group>"; };
		CE2136F218F7A59C00F6E30F /* MBViewController.m */ = {isa = PBXFileReference; lastKnownFileType = sourcecode.c.objc; path = MBViewController.m; sourceTree = "<group>"; };
		CE2136F418F7A59C00F6E30F /* Images.xcassets */ = {isa = PBXFileReference; lastKnownFileType = folder.assetcatalog; path = Images.xcassets; sourceTree = "<group>"; };
		CE2136FA18F7A59D00F6E30F /* App Net ClientTests.xctest */ = {isa = PBXFileReference; explicitFileType = wrapper.cfbundle; includeInIndex = 0; path = "App Net ClientTests.xctest"; sourceTree = BUILT_PRODUCTS_DIR; };
		CE2136FB18F7A59D00F6E30F /* XCTest.framework */ = {isa = PBXFileReference; lastKnownFileType = wrapper.framework; name = XCTest.framework; path = Library/Frameworks/XCTest.framework; sourceTree = DEVELOPER_DIR; };
		CE21370318F7A59D00F6E30F /* App Net ClientTests-Info.plist */ = {isa = PBXFileReference; lastKnownFileType = text.plist.xml; path = "App Net ClientTests-Info.plist"; sourceTree = "<group>"; };
		CE21370518F7A59D00F6E30F /* en */ = {isa = PBXFileReference; lastKnownFileType = text.plist.strings; name = en; path = en.lproj/InfoPlist.strings; sourceTree = "<group>"; };
		CE21370718F7A59D00F6E30F /* App_Net_ClientTests.m */ = {isa = PBXFileReference; lastKnownFileType = sourcecode.c.objc; path = App_Net_ClientTests.m; sourceTree = "<group>"; };
		CE21371118F7AD0E00F6E30F /* MBJSONFetcher.h */ = {isa = PBXFileReference; fileEncoding = 4; lastKnownFileType = sourcecode.c.h; path = MBJSONFetcher.h; sourceTree = "<group>"; };
		CE21371218F7AD0E00F6E30F /* MBJSONFetcher.m */ = {isa = PBXFileReference; fileEncoding = 4; lastKnownFileType = sourcecode.c.objc; path = MBJSONFetcher.m; sourceTree = "<group>"; };
		CE21371618F7B1FD00F6E30F /* NSObject+SBJson.h */ = {isa = PBXFileReference; fileEncoding = 4; lastKnownFileType = sourcecode.c.h; path = "NSObject+SBJson.h"; sourceTree = "<group>"; };
		CE21371718F7B1FD00F6E30F /* NSObject+SBJson.m */ = {isa = PBXFileReference; fileEncoding = 4; lastKnownFileType = sourcecode.c.objc; path = "NSObject+SBJson.m"; sourceTree = "<group>"; };
		CE21371818F7B1FD00F6E30F /* SBJson.h */ = {isa = PBXFileReference; fileEncoding = 4; lastKnownFileType = sourcecode.c.h; path = SBJson.h; sourceTree = "<group>"; };
		CE21371918F7B1FD00F6E30F /* SBJsonParser.h */ = {isa = PBXFileReference; fileEncoding = 4; lastKnownFileType = sourcecode.c.h; path = SBJsonParser.h; sourceTree = "<group>"; };
		CE21371A18F7B1FD00F6E30F /* SBJsonParser.m */ = {isa = PBXFileReference; fileEncoding = 4; lastKnownFileType = sourcecode.c.objc; path = SBJsonParser.m; sourceTree = "<group>"; };
		CE21371B18F7B1FD00F6E30F /* SBJsonStreamParser.h */ = {isa = PBXFileReference; fileEncoding = 4; lastKnownFileType = sourcecode.c.h; path = SBJsonStreamParser.h; sourceTree = "<group>"; };
		CE21371C18F7B1FD00F6E30F /* SBJsonStreamParser.m */ = {isa = PBXFileReference; fileEncoding = 4; lastKnownFileType = sourcecode.c.objc; path = SBJsonStreamParser.m; sourceTree = "<group>"; };
		CE21371D18F7B1FD00F6E30F /* SBJsonStreamParserAccumulator.h */ = {isa = PBXFileReference; fileEncoding = 4; lastKnownFileType = sourcecode.c.h; path = SBJsonStreamParserAccumulator.h; sourceTree = "<group>"; };
		CE21371E18F7B1FD00F6E30F /* SBJsonStreamParserAccumulator.m */ = {isa = PBXFileReference; fileEncoding = 4; lastKnownFileType = sourcecode.c.objc; path = SBJsonStreamParserAccumulator.m; sourceTree = "<group>"; };
		CE21371F18F7B1FD00F6E30F /* SBJsonStreamParserAdapter.h */ = {isa = PBXFileReference; fileEncoding = 4; lastKnownFileType = sourcecode.c.h; path = SBJsonStreamParserAdapter.h; sourceTree = "<group>"; };
		CE21372018F7B1FD00F6E30F /* SBJsonStreamParserAdapter.m */ = {isa = PBXFileReference; fileEncoding = 4; lastKnownFileType = sourcecode.c.objc; path = SBJsonStreamParserAdapter.m; sourceTree = "<group>"; };
		CE21372118F7B1FD00F6E30F /* SBJsonStreamParserState.h */ = {isa = PBXFileReference; fileEncoding = 4; lastKnownFileType = sourcecode.c.h; path = SBJsonStreamParserState.h; sourceTree = "<group>"; };
		CE21372218F7B1FD00F6E30F /* SBJsonStreamParserState.m */ = {isa = PBXFileReference; fileEncoding = 4; lastKnownFileType = sourcecode.c.objc; path = SBJsonStreamParserState.m; sourceTree = "<group>"; };
		CE21372318F7B1FD00F6E30F /* SBJsonStreamWriter.h */ = {isa = PBXFileReference; fileEncoding = 4; lastKnownFileType = sourcecode.c.h; path = SBJsonStreamWriter.h; sourceTree = "<group>"; };
		CE21372418F7B1FD00F6E30F /* SBJsonStreamWriter.m */ = {isa = PBXFileReference; fileEncoding = 4; lastKnownFileType = sourcecode.c.objc; path = SBJsonStreamWriter.m; sourceTree = "<group>"; };
		CE21372518F7B1FD00F6E30F /* SBJsonStreamWriterAccumulator.h */ = {isa = PBXFileReference; fileEncoding = 4; lastKnownFileType = sourcecode.c.h; path = SBJsonStreamWriterAccumulator.h; sourceTree = "<group>"; };
		CE21372618F7B1FD00F6E30F /* SBJsonStreamWriterAccumulator.m */ = {isa = PBXFileReference; fileEncoding = 4; lastKnownFileType = sourcecode.c.objc; path = SBJsonStreamWriterAccumulator.m; sourceTree = "<group>"; };
		CE21372718F7B1FD00F6E30F /* SBJsonStreamWriterState.h */ = {isa = PBXFileReference; fileEncoding = 4; lastKnownFileType = sourcecode.c.h; path = SBJsonStreamWriterState.h; sourceTree = "<group>"; };
		CE21372818F7B1FD00F6E30F /* SBJsonStreamWriterState.m */ = {isa = PBXFileReference; fileEncoding = 4; lastKnownFileType = sourcecode.c.objc; path = SBJsonStreamWriterState.m; sourceTree = "<group>"; };
		CE21372918F7B1FD00F6E30F /* SBJsonTokeniser.h */ = {isa = PBXFileReference; fileEncoding = 4; lastKnownFileType = sourcecode.c.h; path = SBJsonTokeniser.h; sourceTree = "<group>"; };
		CE21372A18F7B1FD00F6E30F /* SBJsonTokeniser.m */ = {isa = PBXFileReference; fileEncoding = 4; lastKnownFileType = sourcecode.c.objc; path = SBJsonTokeniser.m; sourceTree = "<group>"; };
		CE21372B18F7B1FD00F6E30F /* SBJsonUTF8Stream.h */ = {isa = PBXFileReference; fileEncoding = 4; lastKnownFileType = sourcecode.c.h; path = SBJsonUTF8Stream.h; sourceTree = "<group>"; };
		CE21372C18F7B1FD00F6E30F /* SBJsonUTF8Stream.m */ = {isa = PBXFileReference; fileEncoding = 4; lastKnownFileType = sourcecode.c.objc; path = SBJsonUTF8Stream.m; sourceTree = "<group>"; };
		CE21372D18F7B1FD00F6E30F /* SBJsonWriter.h */ = {isa = PBXFileReference; fileEncoding = 4; lastKnownFileType = sourcecode.c.h; path = SBJsonWriter.h; sourceTree = "<group>"; };
		CE21372E18F7B1FD00F6E30F /* SBJsonWriter.m */ = {isa = PBXFileReference; fileEncoding = 4; lastKnownFileType = sourcecode.c.objc; path = SBJsonWriter.m; sourceTree = "<group>"; };
		CE21373B18F7B94A00F6E30F /* MBPostEntry.h */ = {isa = PBXFileReference; fileEncoding = 4; lastKnownFileType = sourcecode.c.h; path = MBPostEntry.h; sourceTree = "<group>"; };
		CE21373C18F7B94A00F6E30F /* MBPostEntry.m */ = {isa = PBXFileReference; fileEncoding = 4; lastKnownFileType = sourcecode.c.objc; path = MBPostEntry.m; sourceTree = "<group>"; };
		CE21373E18F7C21200F6E30F /* MBTableViewCell.h */ = {isa = PBXFileReference; fileEncoding = 4; lastKnownFileType = sourcecode.c.h; path = MBTableViewCell.h; sourceTree = "<group>"; };
		CE21373F18F7C21200F6E30F /* MBTableViewCell.m */ = {isa = PBXFileReference; fileEncoding = 4; lastKnownFileType = sourcecode.c.objc; path = MBTableViewCell.m; sourceTree = "<group>"; };
		CE21374018F7C21200F6E30F /* MBTableViewCell.xib */ = {isa = PBXFileReference; fileEncoding = 4; lastKnownFileType = file.xib; path = MBTableViewCell.xib; sourceTree = "<group>"; };
		CE21374318F7C3EC00F6E30F /* QuartzCore.framework */ = {isa = PBXFileReference; lastKnownFileType = wrapper.framework; name = QuartzCore.framework; path = System/Library/Frameworks/QuartzCore.framework; sourceTree = SDKROOT; };
		CEE9BC2E19002A1A009EEBE1 /* Profile.jpg */ = {isa = PBXFileReference; lastKnownFileType = image.jpeg; path = Profile.jpg; sourceTree = "<group>"; };
/* End PBXFileReference section */

/* Begin PBXFrameworksBuildPhase section */
		CE2136D618F7A59C00F6E30F /* Frameworks */ = {
			isa = PBXFrameworksBuildPhase;
			buildActionMask = 2147483647;
			files = (
				CE21374418F7C3EC00F6E30F /* QuartzCore.framework in Frameworks */,
				CE2136DF18F7A59C00F6E30F /* CoreGraphics.framework in Frameworks */,
				CE2136E118F7A59C00F6E30F /* UIKit.framework in Frameworks */,
				CE2136DD18F7A59C00F6E30F /* Foundation.framework in Frameworks */,
			);
			runOnlyForDeploymentPostprocessing = 0;
		};
		CE2136F718F7A59D00F6E30F /* Frameworks */ = {
			isa = PBXFrameworksBuildPhase;
			buildActionMask = 2147483647;
			files = (
				CE2136FC18F7A59D00F6E30F /* XCTest.framework in Frameworks */,
				CE2136FE18F7A59D00F6E30F /* UIKit.framework in Frameworks */,
				CE2136FD18F7A59D00F6E30F /* Foundation.framework in Frameworks */,
			);
			runOnlyForDeploymentPostprocessing = 0;
		};
/* End PBXFrameworksBuildPhase section */

/* Begin PBXGroup section */
		CE2136D018F7A59C00F6E30F = {
			isa = PBXGroup;
			children = (
				CEE9BC2E19002A1A009EEBE1 /* Profile.jpg */,
				CE21371418F7B1FD00F6E30F /* OpenSource */,
				CE2136E218F7A59C00F6E30F /* App Net Client */,
				CE21370118F7A59D00F6E30F /* App Net ClientTests */,
				CE2136DB18F7A59C00F6E30F /* Frameworks */,
				CE2136DA18F7A59C00F6E30F /* Products */,
			);
			sourceTree = "<group>";
		};
		CE2136DA18F7A59C00F6E30F /* Products */ = {
			isa = PBXGroup;
			children = (
				CE2136D918F7A59C00F6E30F /* App Net Client.app */,
				CE2136FA18F7A59D00F6E30F /* App Net ClientTests.xctest */,
			);
			name = Products;
			sourceTree = "<group>";
		};
		CE2136DB18F7A59C00F6E30F /* Frameworks */ = {
			isa = PBXGroup;
			children = (
				CE21374318F7C3EC00F6E30F /* QuartzCore.framework */,
				CE2136DC18F7A59C00F6E30F /* Foundation.framework */,
				CE2136DE18F7A59C00F6E30F /* CoreGraphics.framework */,
				CE2136E018F7A59C00F6E30F /* UIKit.framework */,
				CE2136FB18F7A59D00F6E30F /* XCTest.framework */,
			);
			name = Frameworks;
			sourceTree = "<group>";
		};
		CE2136E218F7A59C00F6E30F /* App Net Client */ = {
			isa = PBXGroup;
			children = (
				CE2136EB18F7A59C00F6E30F /* MBAppDelegate.h */,
				CE2136EC18F7A59C00F6E30F /* MBAppDelegate.m */,
				CE2136EE18F7A59C00F6E30F /* Main.storyboard */,
				CE2136F118F7A59C00F6E30F /* MBViewController.h */,
				CE2136F218F7A59C00F6E30F /* MBViewController.m */,
				CE2136F418F7A59C00F6E30F /* Images.xcassets */,
				CE2136E318F7A59C00F6E30F /* Supporting Files */,
				CE21371118F7AD0E00F6E30F /* MBJSONFetcher.h */,
				CE21371218F7AD0E00F6E30F /* MBJSONFetcher.m */,
				CE21373B18F7B94A00F6E30F /* MBPostEntry.h */,
				CE21373C18F7B94A00F6E30F /* MBPostEntry.m */,
				CE21373E18F7C21200F6E30F /* MBTableViewCell.h */,
				CE21373F18F7C21200F6E30F /* MBTableViewCell.m */,
				CE21374018F7C21200F6E30F /* MBTableViewCell.xib */,
			);
			path = "App Net Client";
			sourceTree = "<group>";
		};
		CE2136E318F7A59C00F6E30F /* Supporting Files */ = {
			isa = PBXGroup;
			children = (
				CE2136E418F7A59C00F6E30F /* App Net Client-Info.plist */,
				CE2136E518F7A59C00F6E30F /* InfoPlist.strings */,
				CE2136E818F7A59C00F6E30F /* main.m */,
				CE2136EA18F7A59C00F6E30F /* App Net Client-Prefix.pch */,
			);
			name = "Supporting Files";
			sourceTree = "<group>";
		};
		CE21370118F7A59D00F6E30F /* App Net ClientTests */ = {
			isa = PBXGroup;
			children = (
				CE21370718F7A59D00F6E30F /* App_Net_ClientTests.m */,
				CE21370218F7A59D00F6E30F /* Supporting Files */,
			);
			path = "App Net ClientTests";
			sourceTree = "<group>";
		};
		CE21370218F7A59D00F6E30F /* Supporting Files */ = {
			isa = PBXGroup;
			children = (
				CE21370318F7A59D00F6E30F /* App Net ClientTests-Info.plist */,
				CE21370418F7A59D00F6E30F /* InfoPlist.strings */,
			);
			name = "Supporting Files";
			sourceTree = "<group>";
		};
		CE21371418F7B1FD00F6E30F /* OpenSource */ = {
			isa = PBXGroup;
			children = (
				CE21371518F7B1FD00F6E30F /* SBJson */,
			);
			path = OpenSource;
			sourceTree = "<group>";
		};
		CE21371518F7B1FD00F6E30F /* SBJson */ = {
			isa = PBXGroup;
			children = (
				CE21371618F7B1FD00F6E30F /* NSObject+SBJson.h */,
				CE21371718F7B1FD00F6E30F /* NSObject+SBJson.m */,
				CE21371818F7B1FD00F6E30F /* SBJson.h */,
				CE21371918F7B1FD00F6E30F /* SBJsonParser.h */,
				CE21371A18F7B1FD00F6E30F /* SBJsonParser.m */,
				CE21371B18F7B1FD00F6E30F /* SBJsonStreamParser.h */,
				CE21371C18F7B1FD00F6E30F /* SBJsonStreamParser.m */,
				CE21371D18F7B1FD00F6E30F /* SBJsonStreamParserAccumulator.h */,
				CE21371E18F7B1FD00F6E30F /* SBJsonStreamParserAccumulator.m */,
				CE21371F18F7B1FD00F6E30F /* SBJsonStreamParserAdapter.h */,
				CE21372018F7B1FD00F6E30F /* SBJsonStreamParserAdapter.m */,
				CE21372118F7B1FD00F6E30F /* SBJsonStreamParserState.h */,
				CE21372218F7B1FD00F6E30F /* SBJsonStreamParserState.m */,
				CE21372318F7B1FD00F6E30F /* SBJsonStreamWriter.h */,
				CE21372418F7B1FD00F6E30F /* SBJsonStreamWriter.m */,
				CE21372518F7B1FD00F6E30F /* SBJsonStreamWriterAccumulator.h */,
				CE21372618F7B1FD00F6E30F /* SBJsonStreamWriterAccumulator.m */,
				CE21372718F7B1FD00F6E30F /* SBJsonStreamWriterState.h */,
				CE21372818F7B1FD00F6E30F /* SBJsonStreamWriterState.m */,
				CE21372918F7B1FD00F6E30F /* SBJsonTokeniser.h */,
				CE21372A18F7B1FD00F6E30F /* SBJsonTokeniser.m */,
				CE21372B18F7B1FD00F6E30F /* SBJsonUTF8Stream.h */,
				CE21372C18F7B1FD00F6E30F /* SBJsonUTF8Stream.m */,
				CE21372D18F7B1FD00F6E30F /* SBJsonWriter.h */,
				CE21372E18F7B1FD00F6E30F /* SBJsonWriter.m */,
			);
			path = SBJson;
			sourceTree = "<group>";
		};
/* End PBXGroup section */

/* Begin PBXNativeTarget section */
		CE2136D818F7A59C00F6E30F /* App Net Client */ = {
			isa = PBXNativeTarget;
			buildConfigurationList = CE21370B18F7A59D00F6E30F /* Build configuration list for PBXNativeTarget "App Net Client" */;
			buildPhases = (
				CE2136D518F7A59C00F6E30F /* Sources */,
				CE2136D618F7A59C00F6E30F /* Frameworks */,
				CE2136D718F7A59C00F6E30F /* Resources */,
			);
			buildRules = (
			);
			dependencies = (
			);
			name = "App Net Client";
			productName = "App Net Client";
			productReference = CE2136D918F7A59C00F6E30F /* App Net Client.app */;
			productType = "com.apple.product-type.application";
		};
		CE2136F918F7A59D00F6E30F /* App Net ClientTests */ = {
			isa = PBXNativeTarget;
			buildConfigurationList = CE21370E18F7A59D00F6E30F /* Build configuration list for PBXNativeTarget "App Net ClientTests" */;
			buildPhases = (
				CE2136F618F7A59D00F6E30F /* Sources */,
				CE2136F718F7A59D00F6E30F /* Frameworks */,
				CE2136F818F7A59D00F6E30F /* Resources */,
			);
			buildRules = (
			);
			dependencies = (
				CE21370018F7A59D00F6E30F /* PBXTargetDependency */,
			);
			name = "App Net ClientTests";
			productName = "App Net ClientTests";
			productReference = CE2136FA18F7A59D00F6E30F /* App Net ClientTests.xctest */;
			productType = "com.apple.product-type.bundle.unit-test";
		};
/* End PBXNativeTarget section */

/* Begin PBXProject section */
		CE2136D118F7A59C00F6E30F /* Project object */ = {
			isa = PBXProject;
			attributes = {
				CLASSPREFIX = MB;
				LastUpgradeCheck = 0510;
				ORGANIZATIONNAME = MB;
				TargetAttributes = {
					CE2136F918F7A59D00F6E30F = {
						TestTargetID = CE2136D818F7A59C00F6E30F;
					};
				};
			};
			buildConfigurationList = CE2136D418F7A59C00F6E30F /* Build configuration list for PBXProject "App Net Client" */;
			compatibilityVersion = "Xcode 3.2";
			developmentRegion = English;
			hasScannedForEncodings = 0;
			knownRegions = (
				en,
				Base,
			);
			mainGroup = CE2136D018F7A59C00F6E30F;
			productRefGroup = CE2136DA18F7A59C00F6E30F /* Products */;
			projectDirPath = "";
			projectRoot = "";
			targets = (
				CE2136D818F7A59C00F6E30F /* App Net Client */,
				CE2136F918F7A59D00F6E30F /* App Net ClientTests */,
			);
		};
/* End PBXProject section */

/* Begin PBXResourcesBuildPhase section */
		CE2136D718F7A59C00F6E30F /* Resources */ = {
			isa = PBXResourcesBuildPhase;
			buildActionMask = 2147483647;
			files = (
				CE2136F518F7A59C00F6E30F /* Images.xcassets in Resources */,
				CE2136E718F7A59C00F6E30F /* InfoPlist.strings in Resources */,
				CE21374218F7C21200F6E30F /* MBTableViewCell.xib in Resources */,
				CE2136F018F7A59C00F6E30F /* Main.storyboard in Resources */,
				CEE9BC2F19002A1A009EEBE1 /* Profile.jpg in Resources */,
			);
			runOnlyForDeploymentPostprocessing = 0;
		};
		CE2136F818F7A59D00F6E30F /* Resources */ = {
			isa = PBXResourcesBuildPhase;
			buildActionMask = 2147483647;
			files = (
				CE21370618F7A59D00F6E30F /* InfoPlist.strings in Resources */,
			);
			runOnlyForDeploymentPostprocessing = 0;
		};
/* End PBXResourcesBuildPhase section */

/* Begin PBXSourcesBuildPhase section */
		CE2136D518F7A59C00F6E30F /* Sources */ = {
			isa = PBXSourcesBuildPhase;
			buildActionMask = 2147483647;
			files = (
				CE21371318F7AD0E00F6E30F /* MBJSONFetcher.m in Sources */,
				CE2136E918F7A59C00F6E30F /* main.m in Sources */,
				CE21373618F7B1FD00F6E30F /* SBJsonStreamWriterAccumulator.m in Sources */,
				CE21373218F7B1FD00F6E30F /* SBJsonStreamParserAccumulator.m in Sources */,
				CE21373418F7B1FD00F6E30F /* SBJsonStreamParserState.m in Sources */,
				CE21373A18F7B1FD00F6E30F /* SBJsonWriter.m in Sources */,
				CE2136F318F7A59C00F6E30F /* MBViewController.m in Sources */,
				CE21373718F7B1FD00F6E30F /* SBJsonStreamWriterState.m in Sources */,
				CE21374118F7C21200F6E30F /* MBTableViewCell.m in Sources */,
				CE21373D18F7B94A00F6E30F /* MBPostEntry.m in Sources */,
				CE21373018F7B1FD00F6E30F /* SBJsonParser.m in Sources */,
				CE21373918F7B1FD00F6E30F /* SBJsonUTF8Stream.m in Sources */,
				CE21373118F7B1FD00F6E30F /* SBJsonStreamParser.m in Sources */,
				CE21373818F7B1FD00F6E30F /* SBJsonTokeniser.m in Sources */,
				CE21372F18F7B1FD00F6E30F /* NSObject+SBJson.m in Sources */,
				CE2136ED18F7A59C00F6E30F /* MBAppDelegate.m in Sources */,
				CE21373518F7B1FD00F6E30F /* SBJsonStreamWriter.m in Sources */,
				CE21373318F7B1FD00F6E30F /* SBJsonStreamParserAdapter.m in Sources */,
			);
			runOnlyForDeploymentPostprocessing = 0;
		};
		CE2136F618F7A59D00F6E30F /* Sources */ = {
			isa = PBXSourcesBuildPhase;
			buildActionMask = 2147483647;
			files = (
				CE21370818F7A59D00F6E30F /* App_Net_ClientTests.m in Sources */,
			);
			runOnlyForDeploymentPostprocessing = 0;
		};
/* End PBXSourcesBuildPhase section */

/* Begin PBXTargetDependency section */
		CE21370018F7A59D00F6E30F /* PBXTargetDependency */ = {
			isa = PBXTargetDependency;
			target = CE2136D818F7A59C00F6E30F /* App Net Client */;
			targetProxy = CE2136FF18F7A59D00F6E30F /* PBXContainerItemProxy */;
		};
/* End PBXTargetDependency section */

/* Begin PBXVariantGroup section */
		CE2136E518F7A59C00F6E30F /* InfoPlist.strings */ = {
			isa = PBXVariantGroup;
			children = (
				CE2136E618F7A59C00F6E30F /* en */,
			);
			name = InfoPlist.strings;
			sourceTree = "<group>";
		};
		CE2136EE18F7A59C00F6E30F /* Main.storyboard */ = {
			isa = PBXVariantGroup;
			children = (
				CE2136EF18F7A59C00F6E30F /* Base */,
			);
			name = Main.storyboard;
			sourceTree = "<group>";
		};
		CE21370418F7A59D00F6E30F /* InfoPlist.strings */ = {
			isa = PBXVariantGroup;
			children = (
				CE21370518F7A59D00F6E30F /* en */,
			);
			name = InfoPlist.strings;
			sourceTree = "<group>";
		};
/* End PBXVariantGroup section */

/* Begin XCBuildConfiguration section */
		CE21370918F7A59D00F6E30F /* Debug */ = {
			isa = XCBuildConfiguration;
			buildSettings = {
				ALWAYS_SEARCH_USER_PATHS = NO;
				CLANG_CXX_LANGUAGE_STANDARD = "gnu++0x";
				CLANG_CXX_LIBRARY = "libc++";
				CLANG_ENABLE_MODULES = YES;
				CLANG_ENABLE_OBJC_ARC = YES;
				CLANG_WARN_BOOL_CONVERSION = YES;
				CLANG_WARN_CONSTANT_CONVERSION = YES;
				CLANG_WARN_DIRECT_OBJC_ISA_USAGE = YES_ERROR;
				CLANG_WARN_EMPTY_BODY = YES;
				CLANG_WARN_ENUM_CONVERSION = YES;
				CLANG_WARN_INT_CONVERSION = YES;
				CLANG_WARN_OBJC_ROOT_CLASS = YES_ERROR;
				CLANG_WARN__DUPLICATE_METHOD_MATCH = YES;
				"CODE_SIGN_IDENTITY[sdk=iphoneos*]" = "iPhone Developer";
				COPY_PHASE_STRIP = NO;
				GCC_C_LANGUAGE_STANDARD = gnu99;
				GCC_DYNAMIC_NO_PIC = NO;
				GCC_OPTIMIZATION_LEVEL = 0;
				GCC_PREPROCESSOR_DEFINITIONS = (
					"DEBUG=1",
					"$(inherited)",
				);
				GCC_SYMBOLS_PRIVATE_EXTERN = NO;
				GCC_WARN_64_TO_32_BIT_CONVERSION = YES;
				GCC_WARN_ABOUT_RETURN_TYPE = YES_ERROR;
				GCC_WARN_UNDECLARED_SELECTOR = YES;
				GCC_WARN_UNINITIALIZED_AUTOS = YES_AGGRESSIVE;
				GCC_WARN_UNUSED_FUNCTION = YES;
				GCC_WARN_UNUSED_VARIABLE = YES;
				IPHONEOS_DEPLOYMENT_TARGET = 7.1;
				ONLY_ACTIVE_ARCH = YES;
				SDKROOT = iphoneos;
			};
			name = Debug;
		};
		CE21370A18F7A59D00F6E30F /* Release */ = {
			isa = XCBuildConfiguration;
			buildSettings = {
				ALWAYS_SEARCH_USER_PATHS = NO;
				CLANG_CXX_LANGUAGE_STANDARD = "gnu++0x";
				CLANG_CXX_LIBRARY = "libc++";
				CLANG_ENABLE_MODULES = YES;
				CLANG_ENABLE_OBJC_ARC = YES;
				CLANG_WARN_BOOL_CONVERSION = YES;
				CLANG_WARN_CONSTANT_CONVERSION = YES;
				CLANG_WARN_DIRECT_OBJC_ISA_USAGE = YES_ERROR;
				CLANG_WARN_EMPTY_BODY = YES;
				CLANG_WARN_ENUM_CONVERSION = YES;
				CLANG_WARN_INT_CONVERSION = YES;
				CLANG_WARN_OBJC_ROOT_CLASS = YES_ERROR;
				CLANG_WARN__DUPLICATE_METHOD_MATCH = YES;
				"CODE_SIGN_IDENTITY[sdk=iphoneos*]" = "iPhone Developer";
				COPY_PHASE_STRIP = YES;
				ENABLE_NS_ASSERTIONS = NO;
				GCC_C_LANGUAGE_STANDARD = gnu99;
				GCC_WARN_64_TO_32_BIT_CONVERSION = YES;
				GCC_WARN_ABOUT_RETURN_TYPE = YES_ERROR;
				GCC_WARN_UNDECLARED_SELECTOR = YES;
				GCC_WARN_UNINITIALIZED_AUTOS = YES_AGGRESSIVE;
				GCC_WARN_UNUSED_FUNCTION = YES;
				GCC_WARN_UNUSED_VARIABLE = YES;
				IPHONEOS_DEPLOYMENT_TARGET = 7.1;
				SDKROOT = iphoneos;
				VALIDATE_PRODUCT = YES;
			};
			name = Release;
		};
		CE21370C18F7A59D00F6E30F /* Debug */ = {
			isa = XCBuildConfiguration;
			buildSettings = {
				ASSETCATALOG_COMPILER_APPICON_NAME = AppIcon;
				ASSETCATALOG_COMPILER_LAUNCHIMAGE_NAME = LaunchImage;
				GCC_PRECOMPILE_PREFIX_HEADER = YES;
				GCC_PREFIX_HEADER = "App Net Client/App Net Client-Prefix.pch";
				INFOPLIST_FILE = "App Net Client/App Net Client-Info.plist";
				IPHONEOS_DEPLOYMENT_TARGET = 7.0;
				PRODUCT_NAME = "$(TARGET_NAME)";
				WRAPPER_EXTENSION = app;
			};
			name = Debug;
		};
		CE21370D18F7A59D00F6E30F /* Release */ = {
			isa = XCBuildConfiguration;
			buildSettings = {
				ASSETCATALOG_COMPILER_APPICON_NAME = AppIcon;
				ASSETCATALOG_COMPILER_LAUNCHIMAGE_NAME = LaunchImage;
				GCC_PRECOMPILE_PREFIX_HEADER = YES;
				GCC_PREFIX_HEADER = "App Net Client/App Net Client-Prefix.pch";
				INFOPLIST_FILE = "App Net Client/App Net Client-Info.plist";
				IPHONEOS_DEPLOYMENT_TARGET = 7.0;
				PRODUCT_NAME = "$(TARGET_NAME)";
				WRAPPER_EXTENSION = app;
			};
			name = Release;
		};
		CE21370F18F7A59D00F6E30F /* Debug */ = {
			isa = XCBuildConfiguration;
			buildSettings = {
				BUNDLE_LOADER = "$(BUILT_PRODUCTS_DIR)/App Net Client.app/App Net Client";
				FRAMEWORK_SEARCH_PATHS = (
					"$(SDKROOT)/Developer/Library/Frameworks",
					"$(inherited)",
					"$(DEVELOPER_FRAMEWORKS_DIR)",
				);
				GCC_PRECOMPILE_PREFIX_HEADER = YES;
				GCC_PREFIX_HEADER = "App Net Client/App Net Client-Prefix.pch";
				GCC_PREPROCESSOR_DEFINITIONS = (
					"DEBUG=1",
					"$(inherited)",
				);
				INFOPLIST_FILE = "App Net ClientTests/App Net ClientTests-Info.plist";
				PRODUCT_NAME = "$(TARGET_NAME)";
				TEST_HOST = "$(BUNDLE_LOADER)";
				WRAPPER_EXTENSION = xctest;
			};
			name = Debug;
		};
		CE21371018F7A59D00F6E30F /* Release */ = {
			isa = XCBuildConfiguration;
			buildSettings = {
				BUNDLE_LOADER = "$(BUILT_PRODUCTS_DIR)/App Net Client.app/App Net Client";
				FRAMEWORK_SEARCH_PATHS = (
					"$(SDKROOT)/Developer/Library/Frameworks",
					"$(inherited)",
					"$(DEVELOPER_FRAMEWORKS_DIR)",
				);
				GCC_PRECOMPILE_PREFIX_HEADER = YES;
				GCC_PREFIX_HEADER = "App Net Client/App Net Client-Prefix.pch";
				INFOPLIST_FILE = "App Net ClientTests/App Net ClientTests-Info.plist";
				PRODUCT_NAME = "$(TARGET_NAME)";
				TEST_HOST = "$(BUNDLE_LOADER)";
				WRAPPER_EXTENSION = xctest;
			};
			name = Release;
		};
/* End XCBuildConfiguration section */

/* Begin XCConfigurationList section */
		CE2136D418F7A59C00F6E30F /* Build configuration list for PBXProject "App Net Client" */ = {
			isa = XCConfigurationList;
			buildConfigurations = (
				CE21370918F7A59D00F6E30F /* Debug */,
				CE21370A18F7A59D00F6E30F /* Release */,
			);
			defaultConfigurationIsVisible = 0;
			defaultConfigurationName = Release;
		};
		CE21370B18F7A59D00F6E30F /* Build configuration list for PBXNativeTarget "App Net Client" */ = {
			isa = XCConfigurationList;
			buildConfigurations = (
				CE21370C18F7A59D00F6E30F /* Debug */,
				CE21370D18F7A59D00F6E30F /* Release */,
			);
			defaultConfigurationIsVisible = 0;
			defaultConfigurationName = Release;
		};
		CE21370E18F7A59D00F6E30F /* Build configuration list for PBXNativeTarget "App Net ClientTests" */ = {
			isa = XCConfigurationList;
			buildConfigurations = (
				CE21370F18F7A59D00F6E30F /* Debug */,
				CE21371018F7A59D00F6E30F /* Release */,
			);
			defaultConfigurationIsVisible = 0;
			defaultConfigurationName = Release;
		};
/* End XCConfigurationList section */
	};
	rootObject = CE2136D118F7A59C00F6E30F /* Project object */;
}
